
Microsoft Visual Studio Solution File, Format Version 12.00
# Visual Studio Version 17
VisualStudioVersion = 17.0.31903.59
MinimumVisualStudioVersion = 10.0.40219.1
Project("{9A19103F-16F7-4668-BE54-9A1E7A4F7556}") = "Library", "WebApplication4\Library.csproj", "{70A58664-E1EA-43E9-BFA0-9AB3FA35CF52}"
EndProject
Global
	GlobalSection(SolutionConfigurationPlatforms) = preSolution
		Debug|Any CPU = Debug|Any CPU
		Release|Any CPU = Release|Any CPU
	EndGlobalSection
	GlobalSection(ProjectConfigurationPlatforms) = postSolution
		{70A58664-E1EA-43E9-BFA0-9AB3FA35CF52}.Debug|Any CPU.ActiveCfg = Debug|Any CPU
		{70A58664-E1EA-43E9-BFA0-9AB3FA35CF52}.Debug|Any CPU.Build.0 = Debug|Any CPU
		{70A58664-E1EA-43E9-BFA0-9AB3FA35CF52}.Release|Any CPU.ActiveCfg = Release|Any CPU
		{70A58664-E1EA-43E9-BFA0-9AB3FA35CF52}.Release|Any CPU.Build.0 = Release|Any CPU
	EndGlobalSection
	GlobalSection(SolutionProperties) = preSolution
		HideSolutionNode = FALSE
	EndGlobalSection
	GlobalSection(ExtensibilityGlobals) = postSolution
		SolutionGuid = {49DEF13D-4324-417A-8E56-51C61DC88183}
	EndGlobalSection
EndGlobal
